
Microsoft Visual Studio Solution File, Format Version 12.00
# Visual Studio Version 16
VisualStudioVersion = 16.0.29806.167
MinimumVisualStudioVersion = 10.0.40219.1
Project("{9A19103F-16F7-4668-BE54-9A1E7A4F7556}") = "RobotsProblem", "RobotsProblem.csproj", "{F8B0DBCF-F2F2-40CE-A9D4-5F283E11340C}"
EndProject
Project("{FAE04EC0-301F-11D3-BF4B-00C04F79EFBC}") = "RobotsProblemTest", "..\RobotsProblemTest\RobotsProblemTest.csproj", "{B2686184-C41B-49D5-98D5-15F6327F4D87}"
EndProject
Global
	GlobalSection(SolutionConfigurationPlatforms) = preSolution
		Debug|Any CPU = Debug|Any CPU
		Release|Any CPU = Release|Any CPU
	EndGlobalSection
	GlobalSection(ProjectConfigurationPlatforms) = postSolution
		{F8B0DBCF-F2F2-40CE-A9D4-5F283E11340C}.Debug|Any CPU.ActiveCfg = Debug|Any CPU
		{F8B0DBCF-F2F2-40CE-A9D4-5F283E11340C}.Debug|Any CPU.Build.0 = Debug|Any CPU
		{F8B0DBCF-F2F2-40CE-A9D4-5F283E11340C}.Release|Any CPU.ActiveCfg = Release|Any CPU
		{F8B0DBCF-F2F2-40CE-A9D4-5F283E11340C}.Release|Any CPU.Build.0 = Release|Any CPU
		{B2686184-C41B-49D5-98D5-15F6327F4D87}.Debug|Any CPU.ActiveCfg = Debug|Any CPU
		{B2686184-C41B-49D5-98D5-15F6327F4D87}.Debug|Any CPU.Build.0 = Debug|Any CPU
		{B2686184-C41B-49D5-98D5-15F6327F4D87}.Release|Any CPU.ActiveCfg = Release|Any CPU
		{B2686184-C41B-49D5-98D5-15F6327F4D87}.Release|Any CPU.Build.0 = Release|Any CPU
	EndGlobalSection
	GlobalSection(SolutionProperties) = preSolution
		HideSolutionNode = FALSE
	EndGlobalSection
	GlobalSection(ExtensibilityGlobals) = postSolution
		SolutionGuid = {AD3BB6FD-76A4-4381-AFE2-32F263330D86}
	EndGlobalSection
EndGlobal
